
Microsoft Visual Studio Solution File, Format Version 11.00
# Visual Studio 2010
Project("{8BC9CEB8-8B4A-11D0-8D11-00A0C91BC942}") = "99316115 1024", "99316115 1024\99316115 1024.vcxproj", "{382AC202-F2B6-4D97-8438-EFC59EC93371}"
EndProject
Global
	GlobalSection(SolutionConfigurationPlatforms) = preSolution
		Debug|Win32 = Debug|Win32
		Release|Win32 = Release|Win32
	EndGlobalSection
	GlobalSection(ProjectConfigurationPlatforms) = postSolution
		{382AC202-F2B6-4D97-8438-EFC59EC93371}.Debug|Win32.ActiveCfg = Debug|Win32
		{382AC202-F2B6-4D97-8438-EFC59EC93371}.Debug|Win32.Build.0 = Debug|Win32
		{382AC202-F2B6-4D97-8438-EFC59EC93371}.Release|Win32.ActiveCfg = Release|Win32
		{382AC202-F2B6-4D97-8438-EFC59EC93371}.Release|Win32.Build.0 = Release|Win32
	EndGlobalSection
	GlobalSection(SolutionProperties) = preSolution
		HideSolutionNode = FALSE
	EndGlobalSection
EndGlobal
